PODS:
  - Alamofire (2.0.2)
  - AlamofireObjectMapper (1.0):
    - Alamofire (~> 2.0.0)
    - ObjectMapper (= 0.17)
  - KGFloatingDrawer (0.2.0)
  - Locksmith (2.0.1)
  - ObjectMapper (0.17)
  - SDWebImage (3.7.3):
    - SDWebImage/Core (= 3.7.3)
  - SDWebImage/Core (3.7.3)
  - UIImage+Additions (2.1.0)

DEPENDENCIES:
  - Alamofire (= 2.0.2)
  - AlamofireObjectMapper (= 1.0)
  - KGFloatingDrawer (from `https://github.com/ErikLuimes/KGFloatingDrawer.git`, tag
    `0.2.0`)
  - Locksmith (= 2.0.1)
  - SDWebImage (~> 3.7)
  - UIImage+Additions (= 2.1.0)

EXTERNAL SOURCES:
  KGFloatingDrawer:
    :git: https://github.com/ErikLuimes/KGFloatingDrawer.git
    :tag: 0.2.0

CHECKOUT OPTIONS:
  KGFloatingDrawer:
    :git: https://github.com/ErikLuimes/KGFloatingDrawer.git
    :tag: 0.2.0

SPEC CHECKSUMS:
  Alamofire: 8edbab00802a752bb5240cc2abe70e7e881488ad
  AlamofireObjectMapper: 4f9d766a4742bb69258921723bafc260849f216c
  KGFloatingDrawer: b0c2810954bfb61f4d4dd01b8891d5c23933e368
  Locksmith: 2c7bdc5c3a31a97d748791ad830310b1af4b8549
  ObjectMapper: fa286b7cb5a398f1b0d8d64d0dd33fd1b307022c
  SDWebImage: 1d2b1a1efda1ade1b00b6f8498865f8ddedc8a84
  UIImage+Additions: 6181430b139099649e56171d58a52d6c37d57e42

COCOAPODS: 0.39.0
