PODS:
  - Alamofire (2.0.2)
  - AlamofireObjectMapper (1.0):
    - Alamofire (~> 2.0.0)
    - ObjectMapper (= 0.17)
  - Crashlytics (3.4.0):
    - Fabric (~> 1.6.0)
  - CWStatusBarNotification (2.3.3)
  - DTCoreText (1.6.16):
    - DTFoundation/Core (~> 1.7.5)
    - DTFoundation/DTAnimatedGIF (~> 1.7.5)
    - DTFoundation/DTHTMLParser (~> 1.7.5)
    - DTFoundation/UIKit (~> 1.7.5)
  - DTFoundation/Core (1.7.8)
  - DTFoundation/DTAnimatedGIF (1.7.8)
  - DTFoundation/DTHTMLParser (1.7.8):
    - DTFoundation/Core
  - DTFoundation/UIKit (1.7.8):
    - DTFoundation/Core
  - DZNEmptyDataSet (1.7.2)
  - Fabric (1.6.0):
    - Fabric/Base (= 1.6.0)
  - Fabric/Base (1.6.0)
  - KGFloatingDrawer (0.2.0)
  - Locksmith (2.0.1)
  - ObjectMapper (0.17)
  - PDTSimpleCalendar (0.9.1)
  - SDWebImage (3.7.3):
    - SDWebImage/Core (= 3.7.3)
  - SDWebImage/Core (3.7.3)
  - SlackTextViewController (1.7.2)
  - UIImage+Additions (2.1.0)
  - youtube-ios-player-helper (0.1.5)

DEPENDENCIES:
  - Alamofire (= 2.0.2)
  - AlamofireObjectMapper (= 1.0)
  - Crashlytics
  - CWStatusBarNotification (~> 2.3.3)
  - DTCoreText
  - DZNEmptyDataSet
  - Fabric
  - KGFloatingDrawer (from `https://github.com/ErikLuimes/KGFloatingDrawer.git`, tag
    `0.2.0`)
  - Locksmith (= 2.0.1)
  - PDTSimpleCalendar
  - SDWebImage (~> 3.7)
  - SlackTextViewController
  - UIImage+Additions (= 2.1.0)
  - youtube-ios-player-helper

EXTERNAL SOURCES:
  KGFloatingDrawer:
    :git: https://github.com/ErikLuimes/KGFloatingDrawer.git
    :tag: 0.2.0

CHECKOUT OPTIONS:
  KGFloatingDrawer:
    :git: https://github.com/ErikLuimes/KGFloatingDrawer.git
    :tag: 0.2.0

SPEC CHECKSUMS:
  Alamofire: 8edbab00802a752bb5240cc2abe70e7e881488ad
  AlamofireObjectMapper: 4f9d766a4742bb69258921723bafc260849f216c
  Crashlytics: 1ee87895c37472eb3f01f409ea1654a464d2f8d4
  CWStatusBarNotification: 2349142e97c9f16fb8247ed3c00308cd355d334b
  DTCoreText: 934a16fe9ffdd169c96261721b39dc312b75713d
  DTFoundation: 46e2b2fafe78d67febfd8d1f85fe9845a093f00e
  DZNEmptyDataSet: 0ec00bfc230d7450997b60c127afdd0b9f24f3b6
  Fabric: d737eda3a26ac940a5430230eedb35f16b226131
  KGFloatingDrawer: b0c2810954bfb61f4d4dd01b8891d5c23933e368
  Locksmith: 2c7bdc5c3a31a97d748791ad830310b1af4b8549
  ObjectMapper: fa286b7cb5a398f1b0d8d64d0dd33fd1b307022c
  PDTSimpleCalendar: d1c03387678422715dc021aa1a85d70f4d1014f2
  SDWebImage: 1d2b1a1efda1ade1b00b6f8498865f8ddedc8a84
  SlackTextViewController: 1f4e8f68c156ef93de73fd422db2b8d5d5b0f4e7
  UIImage+Additions: 6181430b139099649e56171d58a52d6c37d57e42
  youtube-ios-player-helper: 8706bb155ffee74fbe5f2f5cf41c2dafe60dc155

COCOAPODS: 0.39.0
